
Microsoft Visual Studio Solution File, Format Version 12.00
# Visual Studio Version 17
VisualStudioVersion = 17.8.34330.188
MinimumVisualStudioVersion = 10.0.40219.1
Project("{9A19103F-16F7-4668-BE54-9A1E7A4F7556}") = "task1", "task1\task1.csproj", "{FC02D2B4-EBEE-4CA5-ADD2-4BAA4D24AF53}"
EndProject
Project("{FAE04EC0-301F-11D3-BF4B-00C04F79EFBC}") = "task2", "task2\task2.csproj", "{DFC53278-591C-4884-AADC-39BC8DE90B5A}"
EndProject
Project("{FAE04EC0-301F-11D3-BF4B-00C04F79EFBC}") = "task3", "task3\task3.csproj", "{4A1E65F3-BED5-4C12-A0A1-5B51EB52D936}"
EndProject
Global
	GlobalSection(SolutionConfigurationPlatforms) = preSolution
		Debug|Any CPU = Debug|Any CPU
		Release|Any CPU = Release|Any CPU
	EndGlobalSection
	GlobalSection(ProjectConfigurationPlatforms) = postSolution
		{FC02D2B4-EBEE-4CA5-ADD2-4BAA4D24AF53}.Debug|Any CPU.ActiveCfg = Debug|Any CPU
		{FC02D2B4-EBEE-4CA5-ADD2-4BAA4D24AF53}.Debug|Any CPU.Build.0 = Debug|Any CPU
		{FC02D2B4-EBEE-4CA5-ADD2-4BAA4D24AF53}.Release|Any CPU.ActiveCfg = Release|Any CPU
		{FC02D2B4-EBEE-4CA5-ADD2-4BAA4D24AF53}.Release|Any CPU.Build.0 = Release|Any CPU
		{DFC53278-591C-4884-AADC-39BC8DE90B5A}.Debug|Any CPU.ActiveCfg = Debug|Any CPU
		{DFC53278-591C-4884-AADC-39BC8DE90B5A}.Debug|Any CPU.Build.0 = Debug|Any CPU
		{DFC53278-591C-4884-AADC-39BC8DE90B5A}.Release|Any CPU.ActiveCfg = Release|Any CPU
		{DFC53278-591C-4884-AADC-39BC8DE90B5A}.Release|Any CPU.Build.0 = Release|Any CPU
		{4A1E65F3-BED5-4C12-A0A1-5B51EB52D936}.Debug|Any CPU.ActiveCfg = Debug|Any CPU
		{4A1E65F3-BED5-4C12-A0A1-5B51EB52D936}.Debug|Any CPU.Build.0 = Debug|Any CPU
		{4A1E65F3-BED5-4C12-A0A1-5B51EB52D936}.Release|Any CPU.ActiveCfg = Release|Any CPU
		{4A1E65F3-BED5-4C12-A0A1-5B51EB52D936}.Release|Any CPU.Build.0 = Release|Any CPU
	EndGlobalSection
	GlobalSection(SolutionProperties) = preSolution
		HideSolutionNode = FALSE
	EndGlobalSection
	GlobalSection(ExtensibilityGlobals) = postSolution
		SolutionGuid = {EB59C1A7-A8CD-4188-9DD4-E9EEAF45BE1A}
	EndGlobalSection
EndGlobal
